
Microsoft Visual Studio Solution File, Format Version 12.00
# Visual Studio Version 16
VisualStudioVersion = 16.0.33214.272
MinimumVisualStudioVersion = 10.0.40219.1
Project("{FAE04EC0-301F-11D3-BF4B-00C04F79EFBC}") = "WF", "CM (VI) Lab 1\WF.csproj", "{ECD8A30C-DED6-4E59-818A-4CFE3C919720}"
EndProject
Project("{FAE04EC0-301F-11D3-BF4B-00C04F79EFBC}") = "WPF", "WPF\WPF.csproj", "{EEE0F426-98B6-417F-9FD9-CED7B46195C2}"
EndProject
Global
	GlobalSection(SolutionConfigurationPlatforms) = preSolution
		Debug|Any CPU = Debug|Any CPU
		Release|Any CPU = Release|Any CPU
	EndGlobalSection
	GlobalSection(ProjectConfigurationPlatforms) = postSolution
		{ECD8A30C-DED6-4E59-818A-4CFE3C919720}.Debug|Any CPU.ActiveCfg = Debug|Any CPU
		{ECD8A30C-DED6-4E59-818A-4CFE3C919720}.Debug|Any CPU.Build.0 = Debug|Any CPU
		{ECD8A30C-DED6-4E59-818A-4CFE3C919720}.Release|Any CPU.ActiveCfg = Release|Any CPU
		{ECD8A30C-DED6-4E59-818A-4CFE3C919720}.Release|Any CPU.Build.0 = Release|Any CPU
		{EEE0F426-98B6-417F-9FD9-CED7B46195C2}.Debug|Any CPU.ActiveCfg = Debug|Any CPU
		{EEE0F426-98B6-417F-9FD9-CED7B46195C2}.Debug|Any CPU.Build.0 = Debug|Any CPU
		{EEE0F426-98B6-417F-9FD9-CED7B46195C2}.Release|Any CPU.ActiveCfg = Release|Any CPU
		{EEE0F426-98B6-417F-9FD9-CED7B46195C2}.Release|Any CPU.Build.0 = Release|Any CPU
	EndGlobalSection
	GlobalSection(SolutionProperties) = preSolution
		HideSolutionNode = FALSE
	EndGlobalSection
	GlobalSection(ExtensibilityGlobals) = postSolution
		SolutionGuid = {D6F8D1B5-0DD1-4036-984C-3CDF379DC58F}
	EndGlobalSection
EndGlobal
